
Microsoft Visual Studio Solution File, Format Version 12.00
# Visual Studio Version 17
VisualStudioVersion = 17.6.33723.286
MinimumVisualStudioVersion = 10.0.40219.1
Project("{2150E333-8FDC-42A3-9474-1A3956D46DE8}") = "src", "src", "{1FC5A7FB-3D01-4504-B12B-E16F2207895F}"
EndProject
Project("{9A19103F-16F7-4668-BE54-9A1E7A4F7556}") = "ExMath", "src\ExMath\ExMath.csproj", "{6A25DA06-9CE6-483F-B440-C6D45A481E11}"
EndProject
Project("{2150E333-8FDC-42A3-9474-1A3956D46DE8}") = "tests", "tests", "{C4D90B2C-330C-49C5-A0D4-C3A961D9A1AE}"
EndProject
Project("{9A19103F-16F7-4668-BE54-9A1E7A4F7556}") = "ExMath.Tests", "tests\ExMath.Tests\ExMath.Tests.csproj", "{B8E3F4A4-56BC-4393-BA07-67F13FAEF1E5}"
EndProject
Project("{8BC9CEB8-8B4A-11D0-8D11-00A0C91BC942}") = "ExMath.CUDA.Core", "src\ExMath.CUDA.Core\ExMath.CUDA.Core.vcxproj", "{4D6AC95D-3EEB-431F-92BD-AA9512C843A2}"
EndProject
Project("{9A19103F-16F7-4668-BE54-9A1E7A4F7556}") = "ExMath.CUDA", "src\ExMath.CUDA\ExMath.CUDA.csproj", "{D5C82550-EAA4-484D-8CFE-E1745CB7A827}"
EndProject
Project("{FAE04EC0-301F-11D3-BF4B-00C04F79EFBC}") = "ExMath.Tests.CUDA", "tests\ExMath.Tests.CUDA\ExMath.Tests.CUDA.csproj", "{371D0CB1-8FEA-4B24-A3F6-EF66618D56DC}"
EndProject
Global
	GlobalSection(SolutionConfigurationPlatforms) = preSolution
		Debug|Any CPU = Debug|Any CPU
		Debug|x64 = Debug|x64
		Release|Any CPU = Release|Any CPU
		Release|x64 = Release|x64
	EndGlobalSection
	GlobalSection(ProjectConfigurationPlatforms) = postSolution
		{6A25DA06-9CE6-483F-B440-C6D45A481E11}.Debug|Any CPU.ActiveCfg = Debug|Any CPU
		{6A25DA06-9CE6-483F-B440-C6D45A481E11}.Debug|Any CPU.Build.0 = Debug|Any CPU
		{6A25DA06-9CE6-483F-B440-C6D45A481E11}.Debug|x64.ActiveCfg = Debug|Any CPU
		{6A25DA06-9CE6-483F-B440-C6D45A481E11}.Debug|x64.Build.0 = Debug|Any CPU
		{6A25DA06-9CE6-483F-B440-C6D45A481E11}.Release|Any CPU.ActiveCfg = Release|Any CPU
		{6A25DA06-9CE6-483F-B440-C6D45A481E11}.Release|Any CPU.Build.0 = Release|Any CPU
		{6A25DA06-9CE6-483F-B440-C6D45A481E11}.Release|x64.ActiveCfg = Release|Any CPU
		{6A25DA06-9CE6-483F-B440-C6D45A481E11}.Release|x64.Build.0 = Release|Any CPU
		{B8E3F4A4-56BC-4393-BA07-67F13FAEF1E5}.Debug|Any CPU.ActiveCfg = Debug|Any CPU
		{B8E3F4A4-56BC-4393-BA07-67F13FAEF1E5}.Debug|Any CPU.Build.0 = Debug|Any CPU
		{B8E3F4A4-56BC-4393-BA07-67F13FAEF1E5}.Debug|x64.ActiveCfg = Debug|Any CPU
		{B8E3F4A4-56BC-4393-BA07-67F13FAEF1E5}.Debug|x64.Build.0 = Debug|Any CPU
		{B8E3F4A4-56BC-4393-BA07-67F13FAEF1E5}.Release|Any CPU.ActiveCfg = Release|Any CPU
		{B8E3F4A4-56BC-4393-BA07-67F13FAEF1E5}.Release|Any CPU.Build.0 = Release|Any CPU
		{B8E3F4A4-56BC-4393-BA07-67F13FAEF1E5}.Release|x64.ActiveCfg = Release|Any CPU
		{B8E3F4A4-56BC-4393-BA07-67F13FAEF1E5}.Release|x64.Build.0 = Release|Any CPU
		{4D6AC95D-3EEB-431F-92BD-AA9512C843A2}.Debug|Any CPU.ActiveCfg = Debug|x64
		{4D6AC95D-3EEB-431F-92BD-AA9512C843A2}.Debug|Any CPU.Build.0 = Debug|x64
		{4D6AC95D-3EEB-431F-92BD-AA9512C843A2}.Debug|x64.ActiveCfg = Debug|x64
		{4D6AC95D-3EEB-431F-92BD-AA9512C843A2}.Debug|x64.Build.0 = Debug|x64
		{4D6AC95D-3EEB-431F-92BD-AA9512C843A2}.Release|Any CPU.ActiveCfg = Release|x64
		{4D6AC95D-3EEB-431F-92BD-AA9512C843A2}.Release|x64.ActiveCfg = Release|x64
		{4D6AC95D-3EEB-431F-92BD-AA9512C843A2}.Release|x64.Build.0 = Release|x64
		{D5C82550-EAA4-484D-8CFE-E1745CB7A827}.Debug|Any CPU.ActiveCfg = Debug|Any CPU
		{D5C82550-EAA4-484D-8CFE-E1745CB7A827}.Debug|Any CPU.Build.0 = Debug|Any CPU
		{D5C82550-EAA4-484D-8CFE-E1745CB7A827}.Debug|x64.ActiveCfg = Debug|Any CPU
		{D5C82550-EAA4-484D-8CFE-E1745CB7A827}.Debug|x64.Build.0 = Debug|Any CPU
		{D5C82550-EAA4-484D-8CFE-E1745CB7A827}.Release|Any CPU.ActiveCfg = Release|Any CPU
		{D5C82550-EAA4-484D-8CFE-E1745CB7A827}.Release|Any CPU.Build.0 = Release|Any CPU
		{D5C82550-EAA4-484D-8CFE-E1745CB7A827}.Release|x64.ActiveCfg = Release|Any CPU
		{D5C82550-EAA4-484D-8CFE-E1745CB7A827}.Release|x64.Build.0 = Release|Any CPU
		{371D0CB1-8FEA-4B24-A3F6-EF66618D56DC}.Debug|Any CPU.ActiveCfg = Debug|Any CPU
		{371D0CB1-8FEA-4B24-A3F6-EF66618D56DC}.Debug|Any CPU.Build.0 = Debug|Any CPU
		{371D0CB1-8FEA-4B24-A3F6-EF66618D56DC}.Debug|x64.ActiveCfg = Debug|Any CPU
		{371D0CB1-8FEA-4B24-A3F6-EF66618D56DC}.Debug|x64.Build.0 = Debug|Any CPU
		{371D0CB1-8FEA-4B24-A3F6-EF66618D56DC}.Release|Any CPU.ActiveCfg = Release|Any CPU
		{371D0CB1-8FEA-4B24-A3F6-EF66618D56DC}.Release|Any CPU.Build.0 = Release|Any CPU
		{371D0CB1-8FEA-4B24-A3F6-EF66618D56DC}.Release|x64.ActiveCfg = Release|Any CPU
		{371D0CB1-8FEA-4B24-A3F6-EF66618D56DC}.Release|x64.Build.0 = Release|Any CPU
	EndGlobalSection
	GlobalSection(SolutionProperties) = preSolution
		HideSolutionNode = FALSE
	EndGlobalSection
	GlobalSection(NestedProjects) = preSolution
		{6A25DA06-9CE6-483F-B440-C6D45A481E11} = {1FC5A7FB-3D01-4504-B12B-E16F2207895F}
		{B8E3F4A4-56BC-4393-BA07-67F13FAEF1E5} = {C4D90B2C-330C-49C5-A0D4-C3A961D9A1AE}
		{4D6AC95D-3EEB-431F-92BD-AA9512C843A2} = {1FC5A7FB-3D01-4504-B12B-E16F2207895F}
		{D5C82550-EAA4-484D-8CFE-E1745CB7A827} = {1FC5A7FB-3D01-4504-B12B-E16F2207895F}
		{371D0CB1-8FEA-4B24-A3F6-EF66618D56DC} = {C4D90B2C-330C-49C5-A0D4-C3A961D9A1AE}
	EndGlobalSection
	GlobalSection(ExtensibilityGlobals) = postSolution
		SolutionGuid = {1B280C85-E94E-43EC-BE7F-F5ADFBB8DEEA}
	EndGlobalSection
EndGlobal
